
Microsoft Visual Studio Solution File, Format Version 12.00
# Visual Studio 15
VisualStudioVersion = 15.0.28307.572
MinimumVisualStudioVersion = 10.0.40219.1
Project("{FAE04EC0-301F-11D3-BF4B-00C04F79EFBC}") = "QubaAzureFunction", "QubaAzureFunction\QubaAzureFunction.csproj", "{486B59FC-76B4-4A5B-A21D-9EC628C45308}"
EndProject
Project("{9A19103F-16F7-4668-BE54-9A1E7A4F7556}") = "CoreBot", "..\..\..\..\Downloads\AskQuba-src\CoreBot.csproj", "{E83FE711-1D0B-436D-B7EF-E39400CFFF2A}"
EndProject
Global
	GlobalSection(SolutionConfigurationPlatforms) = preSolution
		Debug|Any CPU = Debug|Any CPU
		Release|Any CPU = Release|Any CPU
	EndGlobalSection
	GlobalSection(ProjectConfigurationPlatforms) = postSolution
		{486B59FC-76B4-4A5B-A21D-9EC628C45308}.Debug|Any CPU.ActiveCfg = Debug|Any CPU
		{486B59FC-76B4-4A5B-A21D-9EC628C45308}.Debug|Any CPU.Build.0 = Debug|Any CPU
		{486B59FC-76B4-4A5B-A21D-9EC628C45308}.Release|Any CPU.ActiveCfg = Release|Any CPU
		{486B59FC-76B4-4A5B-A21D-9EC628C45308}.Release|Any CPU.Build.0 = Release|Any CPU
		{E83FE711-1D0B-436D-B7EF-E39400CFFF2A}.Debug|Any CPU.ActiveCfg = Debug|Any CPU
		{E83FE711-1D0B-436D-B7EF-E39400CFFF2A}.Debug|Any CPU.Build.0 = Debug|Any CPU
		{E83FE711-1D0B-436D-B7EF-E39400CFFF2A}.Release|Any CPU.ActiveCfg = Release|Any CPU
		{E83FE711-1D0B-436D-B7EF-E39400CFFF2A}.Release|Any CPU.Build.0 = Release|Any CPU
	EndGlobalSection
	GlobalSection(SolutionProperties) = preSolution
		HideSolutionNode = FALSE
	EndGlobalSection
	GlobalSection(ExtensibilityGlobals) = postSolution
		SolutionGuid = {6F3BE77D-F6D5-4763-8EDB-08802DB87840}
	EndGlobalSection
EndGlobal
